
Microsoft Visual Studio Solution File, Format Version 12.00
# Visual Studio 14
VisualStudioVersion = 14.0.25420.1
MinimumVisualStudioVersion = 10.0.40219.1
Project("{FAE04EC0-301F-11D3-BF4B-00C04F79EFBC}") = "Ypf.Data", "Ypf.Data\Ypf.Data.csproj", "{6BF24A7A-CF88-4123-AD2B-A317CDE7539B}"
EndProject
Project("{FAE04EC0-301F-11D3-BF4B-00C04F79EFBC}") = "Ypf.BLL", "Ypf.BLL\Ypf.BLL.csproj", "{F2B7B600-09BD-41AC-AF9A-0D4C83C738D9}"
EndProject
Project("{FAE04EC0-301F-11D3-BF4B-00C04F79EFBC}") = "Ypf.IBLL", "Ypf.IBLL\Ypf.IBLL.csproj", "{7986AFF1-A2EB-496D-8150-707A7B477057}"
EndProject
Project("{FAE04EC0-301F-11D3-BF4B-00C04F79EFBC}") = "ClickTest001", "ClickTest001\ClickTest001.csproj", "{F22D1FFE-06E2-4850-8987-AA3C8C52D893}"
EndProject
Global
	GlobalSection(SolutionConfigurationPlatforms) = preSolution
		Debug|Any CPU = Debug|Any CPU
		Release|Any CPU = Release|Any CPU
	EndGlobalSection
	GlobalSection(ProjectConfigurationPlatforms) = postSolution
		{6BF24A7A-CF88-4123-AD2B-A317CDE7539B}.Debug|Any CPU.ActiveCfg = Debug|Any CPU
		{6BF24A7A-CF88-4123-AD2B-A317CDE7539B}.Debug|Any CPU.Build.0 = Debug|Any CPU
		{6BF24A7A-CF88-4123-AD2B-A317CDE7539B}.Release|Any CPU.ActiveCfg = Release|Any CPU
		{6BF24A7A-CF88-4123-AD2B-A317CDE7539B}.Release|Any CPU.Build.0 = Release|Any CPU
		{F2B7B600-09BD-41AC-AF9A-0D4C83C738D9}.Debug|Any CPU.ActiveCfg = Debug|Any CPU
		{F2B7B600-09BD-41AC-AF9A-0D4C83C738D9}.Debug|Any CPU.Build.0 = Debug|Any CPU
		{F2B7B600-09BD-41AC-AF9A-0D4C83C738D9}.Release|Any CPU.ActiveCfg = Release|Any CPU
		{F2B7B600-09BD-41AC-AF9A-0D4C83C738D9}.Release|Any CPU.Build.0 = Release|Any CPU
		{7986AFF1-A2EB-496D-8150-707A7B477057}.Debug|Any CPU.ActiveCfg = Debug|Any CPU
		{7986AFF1-A2EB-496D-8150-707A7B477057}.Debug|Any CPU.Build.0 = Debug|Any CPU
		{7986AFF1-A2EB-496D-8150-707A7B477057}.Release|Any CPU.ActiveCfg = Release|Any CPU
		{7986AFF1-A2EB-496D-8150-707A7B477057}.Release|Any CPU.Build.0 = Release|Any CPU
		{F22D1FFE-06E2-4850-8987-AA3C8C52D893}.Debug|Any CPU.ActiveCfg = Debug|Any CPU
		{F22D1FFE-06E2-4850-8987-AA3C8C52D893}.Debug|Any CPU.Build.0 = Debug|Any CPU
		{F22D1FFE-06E2-4850-8987-AA3C8C52D893}.Release|Any CPU.ActiveCfg = Release|Any CPU
		{F22D1FFE-06E2-4850-8987-AA3C8C52D893}.Release|Any CPU.Build.0 = Release|Any CPU
	EndGlobalSection
	GlobalSection(SolutionProperties) = preSolution
		HideSolutionNode = FALSE
	EndGlobalSection
EndGlobal
